// !$*UTF8*$!
{
	archiveVersion = 1;
	classes = {
	};
	objectVersion = 55;
	objects = {

/* Begin PBXBuildFile section */
		A340D40F296AD8D10037A3B0 /* AppDelegate.swift in Sources */ = {isa = PBXBuildFile; fileRef = A340D40E296AD8D10037A3B0 /* AppDelegate.swift */; };
		A340D411296AD8D10037A3B0 /* SceneDelegate.swift in Sources */ = {isa = PBXBuildFile; fileRef = A340D410296AD8D10037A3B0 /* SceneDelegate.swift */; };
		A340D413296AD8D10037A3B0 /* ViewController.swift in Sources */ = {isa = PBXBuildFile; fileRef = A340D412296AD8D10037A3B0 /* ViewController.swift */; };
		A340D41B296AD8D40037A3B0 /* Assets.xcassets in Resources */ = {isa = PBXBuildFile; fileRef = A340D41A296AD8D40037A3B0 /* Assets.xcassets */; };
		A340D41E296AD8D40037A3B0 /* LaunchScreen.storyboard in Resources */ = {isa = PBXBuildFile; fileRef = A340D41C296AD8D40037A3B0 /* LaunchScreen.storyboard */; };
		A340D429296AD8D40037A3B0 /* LoginTests.swift in Sources */ = {isa = PBXBuildFile; fileRef = A340D428296AD8D40037A3B0 /* LoginTests.swift */; };
		A340D433296AD8D40037A3B0 /* LoginUITests.swift in Sources */ = {isa = PBXBuildFile; fileRef = A340D432296AD8D40037A3B0 /* LoginUITests.swift */; };
		A340D435296AD8D40037A3B0 /* LoginUITestsLaunchTests.swift in Sources */ = {isa = PBXBuildFile; fileRef = A340D434296AD8D40037A3B0 /* LoginUITestsLaunchTests.swift */; };
		A340D442296ADB950037A3B0 /* VC Pantalla Usuario.swift in Sources */ = {isa = PBXBuildFile; fileRef = A340D441296ADB950037A3B0 /* VC Pantalla Usuario.swift */; };
		A3BBBF2B296AE45A00BBDA9E /* Main.storyboard in Resources */ = {isa = PBXBuildFile; fileRef = A3BBBF2A296AE45A00BBDA9E /* Main.storyboard */; };
/* End PBXBuildFile section */

/* Begin PBXContainerItemProxy section */
		A340D425296AD8D40037A3B0 /* PBXContainerItemProxy */ = {
			isa = PBXContainerItemProxy;
			containerPortal = A340D403296AD8D10037A3B0 /* Project object */;
			proxyType = 1;
			remoteGlobalIDString = A340D40A296AD8D10037A3B0;
			remoteInfo = Login;
		};
		A340D42F296AD8D40037A3B0 /* PBXContainerItemProxy */ = {
			isa = PBXContainerItemProxy;
			containerPortal = A340D403296AD8D10037A3B0 /* Project object */;
			proxyType = 1;
			remoteGlobalIDString = A340D40A296AD8D10037A3B0;
			remoteInfo = Login;
		};
/* End PBXContainerItemProxy section */

/* Begin PBXFileReference section */
		A340D40B296AD8D10037A3B0 /* Login.app */ = {isa = PBXFileReference; explicitFileType = wrapper.application; includeInIndex = 0; path = Login.app; sourceTree = BUILT_PRODUCTS_DIR; };
		A340D40E296AD8D10037A3B0 /* AppDelegate.swift */ = {isa = PBXFileReference; lastKnownFileType = sourcecode.swift; path = AppDelegate.swift; sourceTree = "<group>"; };
		A340D410296AD8D10037A3B0 /* SceneDelegate.swift */ = {isa = PBXFileReference; lastKnownFileType = sourcecode.swift; path = SceneDelegate.swift; sourceTree = "<group>"; };
		A340D412296AD8D10037A3B0 /* ViewController.swift */ = {isa = PBXFileReference; lastKnownFileType = sourcecode.swift; path = ViewController.swift; sourceTree = "<group>"; };
		A340D41A296AD8D40037A3B0 /* Assets.xcassets */ = {isa = PBXFileReference; lastKnownFileType = folder.assetcatalog; path = Assets.xcassets; sourceTree = "<group>"; };
		A340D41D296AD8D40037A3B0 /* Base */ = {isa = PBXFileReference; lastKnownFileType = file.storyboard; name = Base; path = Base.lproj/LaunchScreen.storyboard; sourceTree = "<group>"; };
		A340D41F296AD8D40037A3B0 /* Info.plist */ = {isa = PBXFileReference; lastKnownFileType = text.plist.xml; path = Info.plist; sourceTree = "<group>"; };
		A340D424296AD8D40037A3B0 /* LoginTests.xctest */ = {isa = PBXFileReference; explicitFileType = wrapper.cfbundle; includeInIndex = 0; path = LoginTests.xctest; sourceTree = BUILT_PRODUCTS_DIR; };
		A340D428296AD8D40037A3B0 /* LoginTests.swift */ = {isa = PBXFileReference; lastKnownFileType = sourcecode.swift; path = LoginTests.swift; sourceTree = "<group>"; };
		A340D42E296AD8D40037A3B0 /* LoginUITests.xctest */ = {isa = PBXFileReference; explicitFileType = wrapper.cfbundle; includeInIndex = 0; path = LoginUITests.xctest; sourceTree = BUILT_PRODUCTS_DIR; };
		A340D432296AD8D40037A3B0 /* LoginUITests.swift */ = {isa = PBXFileReference; lastKnownFileType = sourcecode.swift; path = LoginUITests.swift; sourceTree = "<group>"; };
		A340D434296AD8D40037A3B0 /* LoginUITestsLaunchTests.swift */ = {isa = PBXFileReference; lastKnownFileType = sourcecode.swift; path = LoginUITestsLaunchTests.swift; sourceTree = "<group>"; };
		A340D441296ADB950037A3B0 /* VC Pantalla Usuario.swift */ = {isa = PBXFileReference; fileEncoding = 4; lastKnownFileType = sourcecode.swift; path = "VC Pantalla Usuario.swift"; sourceTree = "<group>"; };
		A3BBBF2A296AE45A00BBDA9E /* Main.storyboard */ = {isa = PBXFileReference; fileEncoding = 4; lastKnownFileType = file.storyboard; path = Main.storyboard; sourceTree = "<group>"; };
/* End PBXFileReference section */

/* Begin PBXFrameworksBuildPhase section */
		A340D408296AD8D10037A3B0 /* Frameworks */ = {
			isa = PBXFrameworksBuildPhase;
			buildActionMask = 2147483647;
			files = (
			);
			runOnlyForDeploymentPostprocessing = 0;
		};
		A340D421296AD8D40037A3B0 /* Frameworks */ = {
			isa = PBXFrameworksBuildPhase;
			buildActionMask = 2147483647;
			files = (
			);
			runOnlyForDeploymentPostprocessing = 0;
		};
		A340D42B296AD8D40037A3B0 /* Frameworks */ = {
			isa = PBXFrameworksBuildPhase;
			buildActionMask = 2147483647;
			files = (
			);
			runOnlyForDeploymentPostprocessing = 0;
		};
/* End PBXFrameworksBuildPhase section */

/* Begin PBXGroup section */
		A340D402296AD8D10037A3B0 = {
			isa = PBXGroup;
			children = (
				A340D40D296AD8D10037A3B0 /* Login */,
				A340D427296AD8D40037A3B0 /* LoginTests */,
				A340D431296AD8D40037A3B0 /* LoginUITests */,
				A340D40C296AD8D10037A3B0 /* Products */,
			);
			sourceTree = "<group>";
		};
		A340D40C296AD8D10037A3B0 /* Products */ = {
			isa = PBXGroup;
			children = (
				A340D40B296AD8D10037A3B0 /* Login.app */,
				A340D424296AD8D40037A3B0 /* LoginTests.xctest */,
				A340D42E296AD8D40037A3B0 /* LoginUITests.xctest */,
			);
			name = Products;
			sourceTree = "<group>";
		};
		A340D40D296AD8D10037A3B0 /* Login */ = {
			isa = PBXGroup;
			children = (
				A340D40E296AD8D10037A3B0 /* AppDelegate.swift */,
				A340D410296AD8D10037A3B0 /* SceneDelegate.swift */,
				A3BBBF2A296AE45A00BBDA9E /* Main.storyboard */,
				A340D412296AD8D10037A3B0 /* ViewController.swift */,
				A340D441296ADB950037A3B0 /* VC Pantalla Usuario.swift */,
				A340D41A296AD8D40037A3B0 /* Assets.xcassets */,
				A340D41C296AD8D40037A3B0 /* LaunchScreen.storyboard */,
				A340D41F296AD8D40037A3B0 /* Info.plist */,
			);
			path = Login;
			sourceTree = "<group>";
		};
		A340D427296AD8D40037A3B0 /* LoginTests */ = {
			isa = PBXGroup;
			children = (
				A340D428296AD8D40037A3B0 /* LoginTests.swift */,
			);
			path = LoginTests;
			sourceTree = "<group>";
		};
		A340D431296AD8D40037A3B0 /* LoginUITests */ = {
			isa = PBXGroup;
			children = (
				A340D432296AD8D40037A3B0 /* LoginUITests.swift */,
				A340D434296AD8D40037A3B0 /* LoginUITestsLaunchTests.swift */,
			);
			path = LoginUITests;
			sourceTree = "<group>";
		};
/* End PBXGroup section */

/* Begin PBXNativeTarget section */
		A340D40A296AD8D10037A3B0 /* Login */ = {
			isa = PBXNativeTarget;
			buildConfigurationList = A340D438296AD8D40037A3B0 /* Build configuration list for PBXNativeTarget "Login" */;
			buildPhases = (
				A340D407296AD8D10037A3B0 /* Sources */,
				A340D408296AD8D10037A3B0 /* Frameworks */,
				A340D409296AD8D10037A3B0 /* Resources */,
			);
			buildRules = (
			);
			dependencies = (
			);
			name = Login;
			productName = Login;
			productReference = A340D40B296AD8D10037A3B0 /* Login.app */;
			productType = "com.apple.product-type.application";
		};
		A340D423296AD8D40037A3B0 /* LoginTests */ = {
			isa = PBXNativeTarget;
			buildConfigurationList = A340D43B296AD8D40037A3B0 /* Build configuration list for PBXNativeTarget "LoginTests" */;
			buildPhases = (
				A340D420296AD8D40037A3B0 /* Sources */,
				A340D421296AD8D40037A3B0 /* Frameworks */,
				A340D422296AD8D40037A3B0 /* Resources */,
			);
			buildRules = (
			);
			dependencies = (
				A340D426296AD8D40037A3B0 /* PBXTargetDependency */,
			);
			name = LoginTests;
			productName = LoginTests;
			productReference = A340D424296AD8D40037A3B0 /* LoginTests.xctest */;
			productType = "com.apple.product-type.bundle.unit-test";
		};
		A340D42D296AD8D40037A3B0 /* LoginUITests */ = {
			isa = PBXNativeTarget;
			buildConfigurationList = A340D43E296AD8D40037A3B0 /* Build configuration list for PBXNativeTarget "LoginUITests" */;
			buildPhases = (
				A340D42A296AD8D40037A3B0 /* Sources */,
				A340D42B296AD8D40037A3B0 /* Frameworks */,
				A340D42C296AD8D40037A3B0 /* Resources */,
			);
			buildRules = (
			);
			dependencies = (
				A340D430296AD8D40037A3B0 /* PBXTargetDependency */,
			);
			name = LoginUITests;
			productName = LoginUITests;
			productReference = A340D42E296AD8D40037A3B0 /* LoginUITests.xctest */;
			productType = "com.apple.product-type.bundle.ui-testing";
		};
/* End PBXNativeTarget section */

/* Begin PBXProject section */
		A340D403296AD8D10037A3B0 /* Project object */ = {
			isa = PBXProject;
			attributes = {
				BuildIndependentTargetsInParallel = 1;
				LastSwiftUpdateCheck = 1320;
				LastUpgradeCheck = 1320;
				TargetAttributes = {
					A340D40A296AD8D10037A3B0 = {
						CreatedOnToolsVersion = 13.2;
					};
					A340D423296AD8D40037A3B0 = {
						CreatedOnToolsVersion = 13.2;
						TestTargetID = A340D40A296AD8D10037A3B0;
					};
					A340D42D296AD8D40037A3B0 = {
						CreatedOnToolsVersion = 13.2;
						TestTargetID = A340D40A296AD8D10037A3B0;
					};
				};
			};
			buildConfigurationList = A340D406296AD8D10037A3B0 /* Build configuration list for PBXProject "Login" */;
			compatibilityVersion = "Xcode 13.0";
			developmentRegion = en;
			hasScannedForEncodings = 0;
			knownRegions = (
				en,
				Base,
			);
			mainGroup = A340D402296AD8D10037A3B0;
			productRefGroup = A340D40C296AD8D10037A3B0 /* Products */;
			projectDirPath = "";
			projectRoot = "";
			targets = (
				A340D40A296AD8D10037A3B0 /* Login */,
				A340D423296AD8D40037A3B0 /* LoginTests */,
				A340D42D296AD8D40037A3B0 /* LoginUITests */,
			);
		};
/* End PBXProject section */

/* Begin PBXResourcesBuildPhase section */
		A340D409296AD8D10037A3B0 /* Resources */ = {
			isa = PBXResourcesBuildPhase;
			buildActionMask = 2147483647;
			files = (
				A3BBBF2B296AE45A00BBDA9E /* Main.storyboard in Resources */,
				A340D41E296AD8D40037A3B0 /* LaunchScreen.storyboard in Resources */,
				A340D41B296AD8D40037A3B0 /* Assets.xcassets in Resources */,
			);
			runOnlyForDeploymentPostprocessing = 0;
		};
		A340D422296AD8D40037A3B0 /* Resources */ = {
			isa = PBXResourcesBuildPhase;
			buildActionMask = 2147483647;
			files = (
			);
			runOnlyForDeploymentPostprocessing = 0;
		};
		A340D42C296AD8D40037A3B0 /* Resources */ = {
			isa = PBXResourcesBuildPhase;
			buildActionMask = 2147483647;
			files = (
			);
			runOnlyForDeploymentPostprocessing = 0;
		};
/* End PBXResourcesBuildPhase section */

/* Begin PBXSourcesBuildPhase section */
		A340D407296AD8D10037A3B0 /* Sources */ = {
			isa = PBXSourcesBuildPhase;
			buildActionMask = 2147483647;
			files = (
				A340D413296AD8D10037A3B0 /* ViewController.swift in Sources */,
				A340D40F296AD8D10037A3B0 /* AppDelegate.swift in Sources */,
				A340D411296AD8D10037A3B0 /* SceneDelegate.swift in Sources */,
				A340D442296ADB950037A3B0 /* VC Pantalla Usuario.swift in Sources */,
			);
			runOnlyForDeploymentPostprocessing = 0;
		};
		A340D420296AD8D40037A3B0 /* Sources */ = {
			isa = PBXSourcesBuildPhase;
			buildActionMask = 2147483647;
			files = (
				A340D429296AD8D40037A3B0 /* LoginTests.swift in Sources */,
			);
			runOnlyForDeploymentPostprocessing = 0;
		};
		A340D42A296AD8D40037A3B0 /* Sources */ = {
			isa = PBXSourcesBuildPhase;
			buildActionMask = 2147483647;
			files = (
				A340D435296AD8D40037A3B0 /* LoginUITestsLaunchTests.swift in Sources */,
				A340D433296AD8D40037A3B0 /* LoginUITests.swift in Sources */,
			);
			runOnlyForDeploymentPostprocessing = 0;
		};
/* End PBXSourcesBuildPhase section */

/* Begin PBXTargetDependency section */
		A340D426296AD8D40037A3B0 /* PBXTargetDependency */ = {
			isa = PBXTargetDependency;
			target = A340D40A296AD8D10037A3B0 /* Login */;
			targetProxy = A340D425296AD8D40037A3B0 /* PBXContainerItemProxy */;
		};
		A340D430296AD8D40037A3B0 /* PBXTargetDependency */ = {
			isa = PBXTargetDependency;
			target = A340D40A296AD8D10037A3B0 /* Login */;
			targetProxy = A340D42F296AD8D40037A3B0 /* PBXContainerItemProxy */;
		};
/* End PBXTargetDependency section */

/* Begin PBXVariantGroup section */
		A340D41C296AD8D40037A3B0 /* LaunchScreen.storyboard */ = {
			isa = PBXVariantGroup;
			children = (
				A340D41D296AD8D40037A3B0 /* Base */,
			);
			name = LaunchScreen.storyboard;
			sourceTree = "<group>";
		};
/* End PBXVariantGroup section */

/* Begin XCBuildConfiguration section */
		A340D436296AD8D40037A3B0 /* Debug */ = {
			isa = XCBuildConfiguration;
			buildSettings = {
				ALWAYS_SEARCH_USER_PATHS = NO;
				CLANG_ANALYZER_NONNULL = YES;
				CLANG_ANALYZER_NUMBER_OBJECT_CONVERSION = YES_AGGRESSIVE;
				CLANG_CXX_LANGUAGE_STANDARD = "gnu++17";
				CLANG_CXX_LIBRARY = "libc++";
				CLANG_ENABLE_MODULES = YES;
				CLANG_ENABLE_OBJC_ARC = YES;
				CLANG_ENABLE_OBJC_WEAK = YES;
				CLANG_WARN_BLOCK_CAPTURE_AUTORELEASING = YES;
				CLANG_WARN_BOOL_CONVERSION = YES;
				CLANG_WARN_COMMA = YES;
				CLANG_WARN_CONSTANT_CONVERSION = YES;
				CLANG_WARN_DEPRECATED_OBJC_IMPLEMENTATIONS = YES;
				CLANG_WARN_DIRECT_OBJC_ISA_USAGE = YES_ERROR;
				CLANG_WARN_DOCUMENTATION_COMMENTS = YES;
				CLANG_WARN_EMPTY_BODY = YES;
				CLANG_WARN_ENUM_CONVERSION = YES;
				CLANG_WARN_INFINITE_RECURSION = YES;
				CLANG_WARN_INT_CONVERSION = YES;
				CLANG_WARN_NON_LITERAL_NULL_CONVERSION = YES;
				CLANG_WARN_OBJC_IMPLICIT_RETAIN_SELF = YES;
				CLANG_WARN_OBJC_LITERAL_CONVERSION = YES;
				CLANG_WARN_OBJC_ROOT_CLASS = YES_ERROR;
				CLANG_WARN_QUOTED_INCLUDE_IN_FRAMEWORK_HEADER = YES;
				CLANG_WARN_RANGE_LOOP_ANALYSIS = YES;
				CLANG_WARN_STRICT_PROTOTYPES = YES;
				CLANG_WARN_SUSPICIOUS_MOVE = YES;
				CLANG_WARN_UNGUARDED_AVAILABILITY = YES_AGGRESSIVE;
				CLANG_WARN_UNREACHABLE_CODE = YES;
				CLANG_WARN__DUPLICATE_METHOD_MATCH = YES;
				COPY_PHASE_STRIP = NO;
				DEBUG_INFORMATION_FORMAT = dwarf;
				ENABLE_STRICT_OBJC_MSGSEND = YES;
				ENABLE_TESTABILITY = YES;
				GCC_C_LANGUAGE_STANDARD = gnu11;
				GCC_DYNAMIC_NO_PIC = NO;
				GCC_NO_COMMON_BLOCKS = YES;
				GCC_OPTIMIZATION_LEVEL = 0;
				GCC_PREPROCESSOR_DEFINITIONS = (
					"DEBUG=1",
					"$(inherited)",
				);
				GCC_WARN_64_TO_32_BIT_CONVERSION = YES;
				GCC_WARN_ABOUT_RETURN_TYPE = YES_ERROR;
				GCC_WARN_UNDECLARED_SELECTOR = YES;
				GCC_WARN_UNINITIALIZED_AUTOS = YES_AGGRESSIVE;
				GCC_WARN_UNUSED_FUNCTION = YES;
				GCC_WARN_UNUSED_VARIABLE = YES;
				IPHONEOS_DEPLOYMENT_TARGET = 15.2;
				MTL_ENABLE_DEBUG_INFO = INCLUDE_SOURCE;
				MTL_FAST_MATH = YES;
				ONLY_ACTIVE_ARCH = YES;
				SDKROOT = iphoneos;
				SWIFT_ACTIVE_COMPILATION_CONDITIONS = DEBUG;
				SWIFT_OPTIMIZATION_LEVEL = "-Onone";
			};
			name = Debug;
		};
		A340D437296AD8D40037A3B0 /* Release */ = {
			isa = XCBuildConfiguration;
			buildSettings = {
				ALWAYS_SEARCH_USER_PATHS = NO;
				CLANG_ANALYZER_NONNULL = YES;
				CLANG_ANALYZER_NUMBER_OBJECT_CONVERSION = YES_AGGRESSIVE;
				CLANG_CXX_LANGUAGE_STANDARD = "gnu++17";
				CLANG_CXX_LIBRARY = "libc++";
				CLANG_ENABLE_MODULES = YES;
				CLANG_ENABLE_OBJC_ARC = YES;
				CLANG_ENABLE_OBJC_WEAK = YES;
				CLANG_WARN_BLOCK_CAPTURE_AUTORELEASING = YES;
				CLANG_WARN_BOOL_CONVERSION = YES;
				CLANG_WARN_COMMA = YES;
				CLANG_WARN_CONSTANT_CONVERSION = YES;
				CLANG_WARN_DEPRECATED_OBJC_IMPLEMENTATIONS = YES;
				CLANG_WARN_DIRECT_OBJC_ISA_USAGE = YES_ERROR;
				CLANG_WARN_DOCUMENTATION_COMMENTS = YES;
				CLANG_WARN_EMPTY_BODY = YES;
				CLANG_WARN_ENUM_CONVERSION = YES;
				CLANG_WARN_INFINITE_RECURSION = YES;
				CLANG_WARN_INT_CONVERSION = YES;
				CLANG_WARN_NON_LITERAL_NULL_CONVERSION = YES;
				CLANG_WARN_OBJC_IMPLICIT_RETAIN_SELF = YES;
				CLANG_WARN_OBJC_LITERAL_CONVERSION = YES;
				CLANG_WARN_OBJC_ROOT_CLASS = YES_ERROR;
				CLANG_WARN_QUOTED_INCLUDE_IN_FRAMEWORK_HEADER = YES;
				CLANG_WARN_RANGE_LOOP_ANALYSIS = YES;
				CLANG_WARN_STRICT_PROTOTYPES = YES;
				CLANG_WARN_SUSPICIOUS_MOVE = YES;
				CLANG_WARN_UNGUARDED_AVAILABILITY = YES_AGGRESSIVE;
				CLANG_WARN_UNREACHABLE_CODE = YES;
				CLANG_WARN__DUPLICATE_METHOD_MATCH = YES;
				COPY_PHASE_STRIP = NO;
				DEBUG_INFORMATION_FORMAT = "dwarf-with-dsym";
				ENABLE_NS_ASSERTIONS = NO;
				ENABLE_STRICT_OBJC_MSGSEND = YES;
				GCC_C_LANGUAGE_STANDARD = gnu11;
				GCC_NO_COMMON_BLOCKS = YES;
				GCC_WARN_64_TO_32_BIT_CONVERSION = YES;
				GCC_WARN_ABOUT_RETURN_TYPE = YES_ERROR;
				GCC_WARN_UNDECLARED_SELECTOR = YES;
				GCC_WARN_UNINITIALIZED_AUTOS = YES_AGGRESSIVE;
				GCC_WARN_UNUSED_FUNCTION = YES;
				GCC_WARN_UNUSED_VARIABLE = YES;
				IPHONEOS_DEPLOYMENT_TARGET = 15.2;
				MTL_ENABLE_DEBUG_INFO = NO;
				MTL_FAST_MATH = YES;
				SDKROOT = iphoneos;
				SWIFT_COMPILATION_MODE = wholemodule;
				SWIFT_OPTIMIZATION_LEVEL = "-O";
				VALIDATE_PRODUCT = YES;
			};
			name = Release;
		};
		A340D439296AD8D40037A3B0 /* Debug */ = {
			isa = XCBuildConfiguration;
			buildSettings = {
				ASSETCATALOG_COMPILER_APPICON_NAME = AppIcon;
				ASSETCATALOG_COMPILER_GLOBAL_ACCENT_COLOR_NAME = AccentColor;
				CODE_SIGN_STYLE = Automatic;
				CURRENT_PROJECT_VERSION = 1;
				GENERATE_INFOPLIST_FILE = YES;
				INFOPLIST_FILE = Login/Info.plist;
				INFOPLIST_KEY_UIApplicationSupportsIndirectInputEvents = YES;
				INFOPLIST_KEY_UILaunchStoryboardName = LaunchScreen;
				INFOPLIST_KEY_UIMainStoryboardFile = Main;
				INFOPLIST_KEY_UISupportedInterfaceOrientations_iPad = "UIInterfaceOrientationPortrait UIInterfaceOrientationPortraitUpsideDown UIInterfaceOrientationLandscapeLeft UIInterfaceOrientationLandscapeRight";
				INFOPLIST_KEY_UISupportedInterfaceOrientations_iPhone = "UIInterfaceOrientationPortrait UIInterfaceOrientationLandscapeLeft UIInterfaceOrientationLandscapeRight";
				LD_RUNPATH_SEARCH_PATHS = (
					"$(inherited)",
					"@executable_path/Frameworks",
				);
				MARKETING_VERSION = 1.0;
				PRODUCT_BUNDLE_IDENTIFIER = proyecto.Login;
				PRODUCT_NAME = "$(TARGET_NAME)";
				SWIFT_EMIT_LOC_STRINGS = YES;
				SWIFT_VERSION = 5.0;
				TARGETED_DEVICE_FAMILY = "1,2";
			};
			name = Debug;
		};
		A340D43A296AD8D40037A3B0 /* Release */ = {
			isa = XCBuildConfiguration;
			buildSettings = {
				ASSETCATALOG_COMPILER_APPICON_NAME = AppIcon;
				ASSETCATALOG_COMPILER_GLOBAL_ACCENT_COLOR_NAME = AccentColor;
				CODE_SIGN_STYLE = Automatic;
				CURRENT_PROJECT_VERSION = 1;
				GENERATE_INFOPLIST_FILE = YES;
				INFOPLIST_FILE = Login/Info.plist;
				INFOPLIST_KEY_UIApplicationSupportsIndirectInputEvents = YES;
				INFOPLIST_KEY_UILaunchStoryboardName = LaunchScreen;
				INFOPLIST_KEY_UIMainStoryboardFile = Main;
				INFOPLIST_KEY_UISupportedInterfaceOrientations_iPad = "UIInterfaceOrientationPortrait UIInterfaceOrientationPortraitUpsideDown UIInterfaceOrientationLandscapeLeft UIInterfaceOrientationLandscapeRight";
				INFOPLIST_KEY_UISupportedInterfaceOrientations_iPhone = "UIInterfaceOrientationPortrait UIInterfaceOrientationLandscapeLeft UIInterfaceOrientationLandscapeRight";
				LD_RUNPATH_SEARCH_PATHS = (
					"$(inherited)",
					"@executable_path/Frameworks",
				);
				MARKETING_VERSION = 1.0;
				PRODUCT_BUNDLE_IDENTIFIER = proyecto.Login;
				PRODUCT_NAME = "$(TARGET_NAME)";
				SWIFT_EMIT_LOC_STRINGS = YES;
				SWIFT_VERSION = 5.0;
				TARGETED_DEVICE_FAMILY = "1,2";
			};
			name = Release;
		};
		A340D43C296AD8D40037A3B0 /* Debug */ = {
			isa = XCBuildConfiguration;
			buildSettings = {
				ALWAYS_EMBED_SWIFT_STANDARD_LIBRARIES = YES;
				BUNDLE_LOADER = "$(TEST_HOST)";
				CODE_SIGN_STYLE = Automatic;
				CURRENT_PROJECT_VERSION = 1;
				GENERATE_INFOPLIST_FILE = YES;
				IPHONEOS_DEPLOYMENT_TARGET = 15.2;
				MARKETING_VERSION = 1.0;
				PRODUCT_BUNDLE_IDENTIFIER = proyecto.LoginTests;
				PRODUCT_NAME = "$(TARGET_NAME)";
				SWIFT_EMIT_LOC_STRINGS = NO;
				SWIFT_VERSION = 5.0;
				TARGETED_DEVICE_FAMILY = "1,2";
				TEST_HOST = "$(BUILT_PRODUCTS_DIR)/Login.app/Login";
			};
			name = Debug;
		};
		A340D43D296AD8D40037A3B0 /* Release */ = {
			isa = XCBuildConfiguration;
			buildSettings = {
				ALWAYS_EMBED_SWIFT_STANDARD_LIBRARIES = YES;
				BUNDLE_LOADER = "$(TEST_HOST)";
				CODE_SIGN_STYLE = Automatic;
				CURRENT_PROJECT_VERSION = 1;
				GENERATE_INFOPLIST_FILE = YES;
				IPHONEOS_DEPLOYMENT_TARGET = 15.2;
				MARKETING_VERSION = 1.0;
				PRODUCT_BUNDLE_IDENTIFIER = proyecto.LoginTests;
				PRODUCT_NAME = "$(TARGET_NAME)";
				SWIFT_EMIT_LOC_STRINGS = NO;
				SWIFT_VERSION = 5.0;
				TARGETED_DEVICE_FAMILY = "1,2";
				TEST_HOST = "$(BUILT_PRODUCTS_DIR)/Login.app/Login";
			};
			name = Release;
		};
		A340D43F296AD8D40037A3B0 /* Debug */ = {
			isa = XCBuildConfiguration;
			buildSettings = {
				ALWAYS_EMBED_SWIFT_STANDARD_LIBRARIES = YES;
				CODE_SIGN_STYLE = Automatic;
				CURRENT_PROJECT_VERSION = 1;
				GENERATE_INFOPLIST_FILE = YES;
				MARKETING_VERSION = 1.0;
				PRODUCT_BUNDLE_IDENTIFIER = proyecto.LoginUITests;
				PRODUCT_NAME = "$(TARGET_NAME)";
				SWIFT_EMIT_LOC_STRINGS = NO;
				SWIFT_VERSION = 5.0;
				TARGETED_DEVICE_FAMILY = "1,2";
				TEST_TARGET_NAME = Login;
			};
			name = Debug;
		};
		A340D440296AD8D40037A3B0 /* Release */ = {
			isa = XCBuildConfiguration;
			buildSettings = {
				ALWAYS_EMBED_SWIFT_STANDARD_LIBRARIES = YES;
				CODE_SIGN_STYLE = Automatic;
				CURRENT_PROJECT_VERSION = 1;
				GENERATE_INFOPLIST_FILE = YES;
				MARKETING_VERSION = 1.0;
				PRODUCT_BUNDLE_IDENTIFIER = proyecto.LoginUITests;
				PRODUCT_NAME = "$(TARGET_NAME)";
				SWIFT_EMIT_LOC_STRINGS = NO;
				SWIFT_VERSION = 5.0;
				TARGETED_DEVICE_FAMILY = "1,2";
				TEST_TARGET_NAME = Login;
			};
			name = Release;
		};
/* End XCBuildConfiguration section */

/* Begin XCConfigurationList section */
		A340D406296AD8D10037A3B0 /* Build configuration list for PBXProject "Login" */ = {
			isa = XCConfigurationList;
			buildConfigurations = (
				A340D436296AD8D40037A3B0 /* Debug */,
				A340D437296AD8D40037A3B0 /* Release */,
			);
			defaultConfigurationIsVisible = 0;
			defaultConfigurationName = Release;
		};
		A340D438296AD8D40037A3B0 /* Build configuration list for PBXNativeTarget "Login" */ = {
			isa = XCConfigurationList;
			buildConfigurations = (
				A340D439296AD8D40037A3B0 /* Debug */,
				A340D43A296AD8D40037A3B0 /* Release */,
			);
			defaultConfigurationIsVisible = 0;
			defaultConfigurationName = Release;
		};
		A340D43B296AD8D40037A3B0 /* Build configuration list for PBXNativeTarget "LoginTests" */ = {
			isa = XCConfigurationList;
			buildConfigurations = (
				A340D43C296AD8D40037A3B0 /* Debug */,
				A340D43D296AD8D40037A3B0 /* Release */,
			);
			defaultConfigurationIsVisible = 0;
			defaultConfigurationName = Release;
		};
		A340D43E296AD8D40037A3B0 /* Build configuration list for PBXNativeTarget "LoginUITests" */ = {
			isa = XCConfigurationList;
			buildConfigurations = (
				A340D43F296AD8D40037A3B0 /* Debug */,
				A340D440296AD8D40037A3B0 /* Release */,
			);
			defaultConfigurationIsVisible = 0;
			defaultConfigurationName = Release;
		};
/* End XCConfigurationList section */
	};
	rootObject = A340D403296AD8D10037A3B0 /* Project object */;
}
